
Microsoft Visual Studio Solution File, Format Version 12.00
# Visual Studio 2012
Project("{FAE04EC0-301F-11D3-BF4B-00C04F79EFBC}") = "EnhancedHearseAI", "EnhancedHearseAI.csproj", "{88F7949E-8767-4CC7-B2B9-BE991ECBDCCD}"
EndProject
Global
	GlobalSection(SolutionConfigurationPlatforms) = preSolution
		Debug|Any CPU = Debug|Any CPU
		Release|Any CPU = Release|Any CPU
	EndGlobalSection
	GlobalSection(ProjectConfigurationPlatforms) = postSolution
		{88F7949E-8767-4CC7-B2B9-BE991ECBDCCD}.Debug|Any CPU.ActiveCfg = Debug|Any CPU
		{88F7949E-8767-4CC7-B2B9-BE991ECBDCCD}.Debug|Any CPU.Build.0 = Debug|Any CPU
		{88F7949E-8767-4CC7-B2B9-BE991ECBDCCD}.Release|Any CPU.ActiveCfg = Release|Any CPU
		{88F7949E-8767-4CC7-B2B9-BE991ECBDCCD}.Release|Any CPU.Build.0 = Release|Any CPU
	EndGlobalSection
EndGlobal
